// !$*UTF8*$!
{
	archiveVersion = 1;
	classes = {
	};
	objectVersion = 56;
	objects = {

/* Begin PBXBuildFile section */
		3037D9192AF04795006021C1 /* CurrencyPairView.swift in Sources */ = {isa = PBXBuildFile; fileRef = 3037D9182AF04795006021C1 /* CurrencyPairView.swift */; };
		303A61BF2AE0612200CCDBEE /* webViewSwiftUIApp.swift in Sources */ = {isa = PBXBuildFile; fileRef = 303A61BE2AE0612200CCDBEE /* webViewSwiftUIApp.swift */; };
		303A61C12AE0612200CCDBEE /* ContentView.swift in Sources */ = {isa = PBXBuildFile; fileRef = 303A61C02AE0612200CCDBEE /* ContentView.swift */; };
		303A61C32AE0612400CCDBEE /* Assets.xcassets in Resources */ = {isa = PBXBuildFile; fileRef = 303A61C22AE0612400CCDBEE /* Assets.xcassets */; };
		303A61C62AE0612400CCDBEE /* Preview Assets.xcassets in Resources */ = {isa = PBXBuildFile; fileRef = 303A61C52AE0612400CCDBEE /* Preview Assets.xcassets */; };
		303A61CD2AE0616000CCDBEE /* WebView.swift in Sources */ = {isa = PBXBuildFile; fileRef = 303A61CC2AE0616000CCDBEE /* WebView.swift */; };
		303A61CF2AE06BD200CCDBEE /* TradeView.swift in Sources */ = {isa = PBXBuildFile; fileRef = 303A61CE2AE06BD200CCDBEE /* TradeView.swift */; };
		303A61D12AE06D4200CCDBEE /* TopView.swift in Sources */ = {isa = PBXBuildFile; fileRef = 303A61D02AE06D4200CCDBEE /* TopView.swift */; };
		303A61D32AE79AEC00CCDBEE /* widgetForex.swift in Sources */ = {isa = PBXBuildFile; fileRef = 303A61D22AE79AEC00CCDBEE /* widgetForex.swift */; };
		303A61D62AE7BDD100CCDBEE /* TopModel.swift in Sources */ = {isa = PBXBuildFile; fileRef = 303A61D52AE7BDD100CCDBEE /* TopModel.swift */; };
		303A61D82AE9B09300CCDBEE /* LaunchScreen.storyboard in Resources */ = {isa = PBXBuildFile; fileRef = 303A61D72AE9B09300CCDBEE /* LaunchScreen.storyboard */; };
		30C5061C2AEA913B00030F9D /* LaunchScreenView.swift in Sources */ = {isa = PBXBuildFile; fileRef = 30C5061B2AEA913B00030F9D /* LaunchScreenView.swift */; };
		30C5061E2AEAFF2800030F9D /* ProgressBarView.swift in Sources */ = {isa = PBXBuildFile; fileRef = 30C5061D2AEAFF2800030F9D /* ProgressBarView.swift */; };
/* End PBXBuildFile section */

/* Begin PBXFileReference section */
		3037D9182AF04795006021C1 /* CurrencyPairView.swift */ = {isa = PBXFileReference; lastKnownFileType = sourcecode.swift; path = CurrencyPairView.swift; sourceTree = "<group>"; };
		303A61BB2AE0612200CCDBEE /* webViewSwiftUI.app */ = {isa = PBXFileReference; explicitFileType = wrapper.application; includeInIndex = 0; path = webViewSwiftUI.app; sourceTree = BUILT_PRODUCTS_DIR; };
		303A61BE2AE0612200CCDBEE /* webViewSwiftUIApp.swift */ = {isa = PBXFileReference; lastKnownFileType = sourcecode.swift; path = webViewSwiftUIApp.swift; sourceTree = "<group>"; };
		303A61C02AE0612200CCDBEE /* ContentView.swift */ = {isa = PBXFileReference; lastKnownFileType = sourcecode.swift; path = ContentView.swift; sourceTree = "<group>"; };
		303A61C22AE0612400CCDBEE /* Assets.xcassets */ = {isa = PBXFileReference; lastKnownFileType = folder.assetcatalog; path = Assets.xcassets; sourceTree = "<group>"; };
		303A61C52AE0612400CCDBEE /* Preview Assets.xcassets */ = {isa = PBXFileReference; lastKnownFileType = folder.assetcatalog; path = "Preview Assets.xcassets"; sourceTree = "<group>"; };
		303A61CC2AE0616000CCDBEE /* WebView.swift */ = {isa = PBXFileReference; lastKnownFileType = sourcecode.swift; path = WebView.swift; sourceTree = "<group>"; };
		303A61CE2AE06BD200CCDBEE /* TradeView.swift */ = {isa = PBXFileReference; lastKnownFileType = sourcecode.swift; path = TradeView.swift; sourceTree = "<group>"; };
		303A61D02AE06D4200CCDBEE /* TopView.swift */ = {isa = PBXFileReference; lastKnownFileType = sourcecode.swift; path = TopView.swift; sourceTree = "<group>"; };
		303A61D22AE79AEC00CCDBEE /* widgetForex.swift */ = {isa = PBXFileReference; lastKnownFileType = sourcecode.swift; path = widgetForex.swift; sourceTree = "<group>"; };
		303A61D52AE7BDD100CCDBEE /* TopModel.swift */ = {isa = PBXFileReference; lastKnownFileType = sourcecode.swift; path = TopModel.swift; sourceTree = "<group>"; };
		303A61D72AE9B09300CCDBEE /* LaunchScreen.storyboard */ = {isa = PBXFileReference; lastKnownFileType = file.storyboard; path = LaunchScreen.storyboard; sourceTree = "<group>"; };
		30C5061B2AEA913B00030F9D /* LaunchScreenView.swift */ = {isa = PBXFileReference; lastKnownFileType = sourcecode.swift; path = LaunchScreenView.swift; sourceTree = "<group>"; };
		30C5061D2AEAFF2800030F9D /* ProgressBarView.swift */ = {isa = PBXFileReference; lastKnownFileType = sourcecode.swift; path = ProgressBarView.swift; sourceTree = "<group>"; };
/* End PBXFileReference section */

/* Begin PBXFrameworksBuildPhase section */
		303A61B82AE0612200CCDBEE /* Frameworks */ = {
			isa = PBXFrameworksBuildPhase;
			buildActionMask = 2147483647;
			files = (
			);
			runOnlyForDeploymentPostprocessing = 0;
		};
/* End PBXFrameworksBuildPhase section */

/* Begin PBXGroup section */
		3037D9172AF04759006021C1 /* Currency pair */ = {
			isa = PBXGroup;
			children = (
				3037D9182AF04795006021C1 /* CurrencyPairView.swift */,
			);
			path = "Currency pair";
			sourceTree = "<group>";
		};
		303A61B22AE0612200CCDBEE = {
			isa = PBXGroup;
			children = (
				303A61BD2AE0612200CCDBEE /* webViewSwiftUI */,
				303A61BC2AE0612200CCDBEE /* Products */,
			);
			sourceTree = "<group>";
		};
		303A61BC2AE0612200CCDBEE /* Products */ = {
			isa = PBXGroup;
			children = (
				303A61BB2AE0612200CCDBEE /* webViewSwiftUI.app */,
			);
			name = Products;
			sourceTree = "<group>";
		};
		303A61BD2AE0612200CCDBEE /* webViewSwiftUI */ = {
			isa = PBXGroup;
			children = (
				30C5061A2AEA910900030F9D /* LaunchScreen */,
				303A61C02AE0612200CCDBEE /* ContentView.swift */,
				303A61BE2AE0612200CCDBEE /* webViewSwiftUIApp.swift */,
				303A61C42AE0612400CCDBEE /* Preview Content */,
				303A61C22AE0612400CCDBEE /* Assets.xcassets */,
				3037D9172AF04759006021C1 /* Currency pair */,
				30C506192AEA90EF00030F9D /* TopView */,
				303A61D42AE7BD2000CCDBEE /* TradeView */,
			);
			path = webViewSwiftUI;
			sourceTree = "<group>";
		};
		303A61C42AE0612400CCDBEE /* Preview Content */ = {
			isa = PBXGroup;
			children = (
				303A61C52AE0612400CCDBEE /* Preview Assets.xcassets */,
			);
			path = "Preview Content";
			sourceTree = "<group>";
		};
		303A61D42AE7BD2000CCDBEE /* TradeView */ = {
			isa = PBXGroup;
			children = (
				303A61CE2AE06BD200CCDBEE /* TradeView.swift */,
				303A61CC2AE0616000CCDBEE /* WebView.swift */,
				303A61D22AE79AEC00CCDBEE /* widgetForex.swift */,
			);
			path = TradeView;
			sourceTree = "<group>";
		};
		30C506192AEA90EF00030F9D /* TopView */ = {
			isa = PBXGroup;
			children = (
				303A61D02AE06D4200CCDBEE /* TopView.swift */,
				303A61D52AE7BDD100CCDBEE /* TopModel.swift */,
			);
			path = TopView;
			sourceTree = "<group>";
		};
		30C5061A2AEA910900030F9D /* LaunchScreen */ = {
			isa = PBXGroup;
			children = (
				303A61D72AE9B09300CCDBEE /* LaunchScreen.storyboard */,
				30C5061B2AEA913B00030F9D /* LaunchScreenView.swift */,
				30C5061D2AEAFF2800030F9D /* ProgressBarView.swift */,
			);
			path = LaunchScreen;
			sourceTree = "<group>";
		};
/* End PBXGroup section */

/* Begin PBXNativeTarget section */
		303A61BA2AE0612200CCDBEE /* webViewSwiftUI */ = {
			isa = PBXNativeTarget;
			buildConfigurationList = 303A61C92AE0612400CCDBEE /* Build configuration list for PBXNativeTarget "webViewSwiftUI" */;
			buildPhases = (
				303A61B72AE0612200CCDBEE /* Sources */,
				303A61B82AE0612200CCDBEE /* Frameworks */,
				303A61B92AE0612200CCDBEE /* Resources */,
			);
			buildRules = (
			);
			dependencies = (
			);
			name = webViewSwiftUI;
			productName = webViewSwiftUI;
			productReference = 303A61BB2AE0612200CCDBEE /* webViewSwiftUI.app */;
			productType = "com.apple.product-type.application";
		};
/* End PBXNativeTarget section */

/* Begin PBXProject section */
		303A61B32AE0612200CCDBEE /* Project object */ = {
			isa = PBXProject;
			attributes = {
				BuildIndependentTargetsInParallel = 1;
				LastSwiftUpdateCheck = 1500;
				LastUpgradeCheck = 1500;
				TargetAttributes = {
					303A61BA2AE0612200CCDBEE = {
						CreatedOnToolsVersion = 15.0;
					};
				};
			};
			buildConfigurationList = 303A61B62AE0612200CCDBEE /* Build configuration list for PBXProject "webViewSwiftUI" */;
			compatibilityVersion = "Xcode 14.0";
			developmentRegion = en;
			hasScannedForEncodings = 0;
			knownRegions = (
				en,
				Base,
			);
			mainGroup = 303A61B22AE0612200CCDBEE;
			productRefGroup = 303A61BC2AE0612200CCDBEE /* Products */;
			projectDirPath = "";
			projectRoot = "";
			targets = (
				303A61BA2AE0612200CCDBEE /* webViewSwiftUI */,
			);
		};
/* End PBXProject section */

/* Begin PBXResourcesBuildPhase section */
		303A61B92AE0612200CCDBEE /* Resources */ = {
			isa = PBXResourcesBuildPhase;
			buildActionMask = 2147483647;
			files = (
				303A61D82AE9B09300CCDBEE /* LaunchScreen.storyboard in Resources */,
				303A61C62AE0612400CCDBEE /* Preview Assets.xcassets in Resources */,
				303A61C32AE0612400CCDBEE /* Assets.xcassets in Resources */,
			);
			runOnlyForDeploymentPostprocessing = 0;
		};
/* End PBXResourcesBuildPhase section */

/* Begin PBXSourcesBuildPhase section */
		303A61B72AE0612200CCDBEE /* Sources */ = {
			isa = PBXSourcesBuildPhase;
			buildActionMask = 2147483647;
			files = (
				303A61D32AE79AEC00CCDBEE /* widgetForex.swift in Sources */,
				30C5061E2AEAFF2800030F9D /* ProgressBarView.swift in Sources */,
				303A61CD2AE0616000CCDBEE /* WebView.swift in Sources */,
				3037D9192AF04795006021C1 /* CurrencyPairView.swift in Sources */,
				303A61D62AE7BDD100CCDBEE /* TopModel.swift in Sources */,
				303A61D12AE06D4200CCDBEE /* TopView.swift in Sources */,
				303A61CF2AE06BD200CCDBEE /* TradeView.swift in Sources */,
				303A61C12AE0612200CCDBEE /* ContentView.swift in Sources */,
				303A61BF2AE0612200CCDBEE /* webViewSwiftUIApp.swift in Sources */,
				30C5061C2AEA913B00030F9D /* LaunchScreenView.swift in Sources */,
			);
			runOnlyForDeploymentPostprocessing = 0;
		};
/* End PBXSourcesBuildPhase section */

/* Begin XCBuildConfiguration section */
		303A61C72AE0612400CCDBEE /* Debug */ = {
			isa = XCBuildConfiguration;
			buildSettings = {
				ALWAYS_SEARCH_USER_PATHS = NO;
				ASSETCATALOG_COMPILER_GENERATE_SWIFT_ASSET_SYMBOL_EXTENSIONS = YES;
				CLANG_ANALYZER_NONNULL = YES;
				CLANG_ANALYZER_NUMBER_OBJECT_CONVERSION = YES_AGGRESSIVE;
				CLANG_CXX_LANGUAGE_STANDARD = "gnu++20";
				CLANG_ENABLE_MODULES = YES;
				CLANG_ENABLE_OBJC_ARC = YES;
				CLANG_ENABLE_OBJC_WEAK = YES;
				CLANG_WARN_BLOCK_CAPTURE_AUTORELEASING = YES;
				CLANG_WARN_BOOL_CONVERSION = YES;
				CLANG_WARN_COMMA = YES;
				CLANG_WARN_CONSTANT_CONVERSION = YES;
				CLANG_WARN_DEPRECATED_OBJC_IMPLEMENTATIONS = YES;
				CLANG_WARN_DIRECT_OBJC_ISA_USAGE = YES_ERROR;
				CLANG_WARN_DOCUMENTATION_COMMENTS = YES;
				CLANG_WARN_EMPTY_BODY = YES;
				CLANG_WARN_ENUM_CONVERSION = YES;
				CLANG_WARN_INFINITE_RECURSION = YES;
				CLANG_WARN_INT_CONVERSION = YES;
				CLANG_WARN_NON_LITERAL_NULL_CONVERSION = YES;
				CLANG_WARN_OBJC_IMPLICIT_RETAIN_SELF = YES;
				CLANG_WARN_OBJC_LITERAL_CONVERSION = YES;
				CLANG_WARN_OBJC_ROOT_CLASS = YES_ERROR;
				CLANG_WARN_QUOTED_INCLUDE_IN_FRAMEWORK_HEADER = YES;
				CLANG_WARN_RANGE_LOOP_ANALYSIS = YES;
				CLANG_WARN_STRICT_PROTOTYPES = YES;
				CLANG_WARN_SUSPICIOUS_MOVE = YES;
				CLANG_WARN_UNGUARDED_AVAILABILITY = YES_AGGRESSIVE;
				CLANG_WARN_UNREACHABLE_CODE = YES;
				CLANG_WARN__DUPLICATE_METHOD_MATCH = YES;
				COPY_PHASE_STRIP = NO;
				DEBUG_INFORMATION_FORMAT = dwarf;
				ENABLE_STRICT_OBJC_MSGSEND = YES;
				ENABLE_TESTABILITY = YES;
				ENABLE_USER_SCRIPT_SANDBOXING = YES;
				GCC_C_LANGUAGE_STANDARD = gnu17;
				GCC_DYNAMIC_NO_PIC = NO;
				GCC_NO_COMMON_BLOCKS = YES;
				GCC_OPTIMIZATION_LEVEL = 0;
				GCC_PREPROCESSOR_DEFINITIONS = (
					"DEBUG=1",
					"$(inherited)",
				);
				GCC_WARN_64_TO_32_BIT_CONVERSION = YES;
				GCC_WARN_ABOUT_RETURN_TYPE = YES_ERROR;
				GCC_WARN_UNDECLARED_SELECTOR = YES;
				GCC_WARN_UNINITIALIZED_AUTOS = YES_AGGRESSIVE;
				GCC_WARN_UNUSED_FUNCTION = YES;
				GCC_WARN_UNUSED_VARIABLE = YES;
				IPHONEOS_DEPLOYMENT_TARGET = 17.0;
				LOCALIZATION_PREFERS_STRING_CATALOGS = YES;
				MTL_ENABLE_DEBUG_INFO = INCLUDE_SOURCE;
				MTL_FAST_MATH = YES;
				ONLY_ACTIVE_ARCH = YES;
				SDKROOT = iphoneos;
				SWIFT_ACTIVE_COMPILATION_CONDITIONS = "DEBUG $(inherited)";
				SWIFT_OPTIMIZATION_LEVEL = "-Onone";
			};
			name = Debug;
		};
		303A61C82AE0612400CCDBEE /* Release */ = {
			isa = XCBuildConfiguration;
			buildSettings = {
				ALWAYS_SEARCH_USER_PATHS = NO;
				ASSETCATALOG_COMPILER_GENERATE_SWIFT_ASSET_SYMBOL_EXTENSIONS = YES;
				CLANG_ANALYZER_NONNULL = YES;
				CLANG_ANALYZER_NUMBER_OBJECT_CONVERSION = YES_AGGRESSIVE;
				CLANG_CXX_LANGUAGE_STANDARD = "gnu++20";
				CLANG_ENABLE_MODULES = YES;
				CLANG_ENABLE_OBJC_ARC = YES;
				CLANG_ENABLE_OBJC_WEAK = YES;
				CLANG_WARN_BLOCK_CAPTURE_AUTORELEASING = YES;
				CLANG_WARN_BOOL_CONVERSION = YES;
				CLANG_WARN_COMMA = YES;
				CLANG_WARN_CONSTANT_CONVERSION = YES;
				CLANG_WARN_DEPRECATED_OBJC_IMPLEMENTATIONS = YES;
				CLANG_WARN_DIRECT_OBJC_ISA_USAGE = YES_ERROR;
				CLANG_WARN_DOCUMENTATION_COMMENTS = YES;
				CLANG_WARN_EMPTY_BODY = YES;
				CLANG_WARN_ENUM_CONVERSION = YES;
				CLANG_WARN_INFINITE_RECURSION = YES;
				CLANG_WARN_INT_CONVERSION = YES;
				CLANG_WARN_NON_LITERAL_NULL_CONVERSION = YES;
				CLANG_WARN_OBJC_IMPLICIT_RETAIN_SELF = YES;
				CLANG_WARN_OBJC_LITERAL_CONVERSION = YES;
				CLANG_WARN_OBJC_ROOT_CLASS = YES_ERROR;
				CLANG_WARN_QUOTED_INCLUDE_IN_FRAMEWORK_HEADER = YES;
				CLANG_WARN_RANGE_LOOP_ANALYSIS = YES;
				CLANG_WARN_STRICT_PROTOTYPES = YES;
				CLANG_WARN_SUSPICIOUS_MOVE = YES;
				CLANG_WARN_UNGUARDED_AVAILABILITY = YES_AGGRESSIVE;
				CLANG_WARN_UNREACHABLE_CODE = YES;
				CLANG_WARN__DUPLICATE_METHOD_MATCH = YES;
				COPY_PHASE_STRIP = NO;
				DEBUG_INFORMATION_FORMAT = "dwarf-with-dsym";
				ENABLE_NS_ASSERTIONS = NO;
				ENABLE_STRICT_OBJC_MSGSEND = YES;
				ENABLE_USER_SCRIPT_SANDBOXING = YES;
				GCC_C_LANGUAGE_STANDARD = gnu17;
				GCC_NO_COMMON_BLOCKS = YES;
				GCC_WARN_64_TO_32_BIT_CONVERSION = YES;
				GCC_WARN_ABOUT_RETURN_TYPE = YES_ERROR;
				GCC_WARN_UNDECLARED_SELECTOR = YES;
				GCC_WARN_UNINITIALIZED_AUTOS = YES_AGGRESSIVE;
				GCC_WARN_UNUSED_FUNCTION = YES;
				GCC_WARN_UNUSED_VARIABLE = YES;
				IPHONEOS_DEPLOYMENT_TARGET = 17.0;
				LOCALIZATION_PREFERS_STRING_CATALOGS = YES;
				MTL_ENABLE_DEBUG_INFO = NO;
				MTL_FAST_MATH = YES;
				SDKROOT = iphoneos;
				SWIFT_COMPILATION_MODE = wholemodule;
				VALIDATE_PRODUCT = YES;
			};
			name = Release;
		};
		303A61CA2AE0612400CCDBEE /* Debug */ = {
			isa = XCBuildConfiguration;
			buildSettings = {
				ASSETCATALOG_COMPILER_APPICON_NAME = AppIcon;
				ASSETCATALOG_COMPILER_GLOBAL_ACCENT_COLOR_NAME = AccentColor;
				CODE_SIGN_STYLE = Automatic;
				CURRENT_PROJECT_VERSION = 1;
				DEVELOPMENT_ASSET_PATHS = "\"webViewSwiftUI/Preview Content\"";
				DEVELOPMENT_TEAM = AR6AN34RS9;
				ENABLE_PREVIEWS = YES;
				GENERATE_INFOPLIST_FILE = YES;
				INFOPLIST_KEY_UIApplicationSceneManifest_Generation = YES;
				INFOPLIST_KEY_UIApplicationSupportsIndirectInputEvents = YES;
				INFOPLIST_KEY_UILaunchStoryboardName = LaunchScreen.storyboard;
				INFOPLIST_KEY_UISupportedInterfaceOrientations_iPad = "UIInterfaceOrientationPortrait UIInterfaceOrientationPortraitUpsideDown UIInterfaceOrientationLandscapeLeft UIInterfaceOrientationLandscapeRight";
				INFOPLIST_KEY_UISupportedInterfaceOrientations_iPhone = "UIInterfaceOrientationPortrait UIInterfaceOrientationLandscapeLeft UIInterfaceOrientationLandscapeRight";
				LD_RUNPATH_SEARCH_PATHS = (
					"$(inherited)",
					"@executable_path/Frameworks",
				);
				MARKETING_VERSION = 1.0;
				PRODUCT_BUNDLE_IDENTIFIER = home.webViewSwiftUI;
				PRODUCT_NAME = "$(TARGET_NAME)";
				SWIFT_EMIT_LOC_STRINGS = YES;
				SWIFT_VERSION = 5.0;
				TARGETED_DEVICE_FAMILY = "1,2";
			};
			name = Debug;
		};
		303A61CB2AE0612400CCDBEE /* Release */ = {
			isa = XCBuildConfiguration;
			buildSettings = {
				ASSETCATALOG_COMPILER_APPICON_NAME = AppIcon;
				ASSETCATALOG_COMPILER_GLOBAL_ACCENT_COLOR_NAME = AccentColor;
				CODE_SIGN_STYLE = Automatic;
				CURRENT_PROJECT_VERSION = 1;
				DEVELOPMENT_ASSET_PATHS = "\"webViewSwiftUI/Preview Content\"";
				DEVELOPMENT_TEAM = AR6AN34RS9;
				ENABLE_PREVIEWS = YES;
				GENERATE_INFOPLIST_FILE = YES;
				INFOPLIST_KEY_UIApplicationSceneManifest_Generation = YES;
				INFOPLIST_KEY_UIApplicationSupportsIndirectInputEvents = YES;
				INFOPLIST_KEY_UILaunchStoryboardName = LaunchScreen.storyboard;
				INFOPLIST_KEY_UISupportedInterfaceOrientations_iPad = "UIInterfaceOrientationPortrait UIInterfaceOrientationPortraitUpsideDown UIInterfaceOrientationLandscapeLeft UIInterfaceOrientationLandscapeRight";
				INFOPLIST_KEY_UISupportedInterfaceOrientations_iPhone = "UIInterfaceOrientationPortrait UIInterfaceOrientationLandscapeLeft UIInterfaceOrientationLandscapeRight";
				LD_RUNPATH_SEARCH_PATHS = (
					"$(inherited)",
					"@executable_path/Frameworks",
				);
				MARKETING_VERSION = 1.0;
				PRODUCT_BUNDLE_IDENTIFIER = home.webViewSwiftUI;
				PRODUCT_NAME = "$(TARGET_NAME)";
				SWIFT_EMIT_LOC_STRINGS = YES;
				SWIFT_VERSION = 5.0;
				TARGETED_DEVICE_FAMILY = "1,2";
			};
			name = Release;
		};
/* End XCBuildConfiguration section */

/* Begin XCConfigurationList section */
		303A61B62AE0612200CCDBEE /* Build configuration list for PBXProject "webViewSwiftUI" */ = {
			isa = XCConfigurationList;
			buildConfigurations = (
				303A61C72AE0612400CCDBEE /* Debug */,
				303A61C82AE0612400CCDBEE /* Release */,
			);
			defaultConfigurationIsVisible = 0;
			defaultConfigurationName = Release;
		};
		303A61C92AE0612400CCDBEE /* Build configuration list for PBXNativeTarget "webViewSwiftUI" */ = {
			isa = XCConfigurationList;
			buildConfigurations = (
				303A61CA2AE0612400CCDBEE /* Debug */,
				303A61CB2AE0612400CCDBEE /* Release */,
			);
			defaultConfigurationIsVisible = 0;
			defaultConfigurationName = Release;
		};
/* End XCConfigurationList section */
	};
	rootObject = 303A61B32AE0612200CCDBEE /* Project object */;
}
